
Microsoft Visual Studio Solution File, Format Version 12.00
# Visual Studio 2015
Project("{FAE04EC0-301F-11D3-BF4B-00C04F79EFBC}") = "distributed_2d.CSharp", "distributed_2d.CSharp.csproj", "{676AB2F3-5A78-4CA7-8EAD-8867D6340DA1}"
EndProject
Global
	GlobalSection(SolutionConfigurationPlatforms) = preSolution
		Debug|Any CPU = Debug|Any CPU
		Release|Any CPU = Release|Any CPU
	EndGlobalSection
	GlobalSection(ProjectConfigurationPlatforms) = postSolution
		{676AB2F3-5A78-4CA7-8EAD-8867D6340DA1}.Debug|Any CPU.ActiveCfg = Debug|Any CPU
		{676AB2F3-5A78-4CA7-8EAD-8867D6340DA1}.Debug|Any CPU.Build.0 = Debug|Any CPU
		{676AB2F3-5A78-4CA7-8EAD-8867D6340DA1}.Release|Any CPU.ActiveCfg = Release|Any CPU
		{676AB2F3-5A78-4CA7-8EAD-8867D6340DA1}.Release|Any CPU.Build.0 = Release|Any CPU
	EndGlobalSection
	GlobalSection(SolutionProperties) = preSolution
		HideSolutionNode = FALSE
	EndGlobalSection
EndGlobal
